
Microsoft Visual Studio Solution File, Format Version 12.00
# Visual Studio Version 16
VisualStudioVersion = 16.0.31025.194
MinimumVisualStudioVersion = 10.0.40219.1
Project("{FAE04EC0-301F-11D3-BF4B-00C04F79EFBC}") = "bruteforce_shit", "bruteforce_shit.csproj", "{EB5ADE83-3977-41AE-85AD-6983E3FF8142}"
EndProject
Global
	GlobalSection(SolutionConfigurationPlatforms) = preSolution
		Debug|Any CPU = Debug|Any CPU
		Release|Any CPU = Release|Any CPU
	EndGlobalSection
	GlobalSection(ProjectConfigurationPlatforms) = postSolution
		{EB5ADE83-3977-41AE-85AD-6983E3FF8142}.Debug|Any CPU.ActiveCfg = Debug|Any CPU
		{EB5ADE83-3977-41AE-85AD-6983E3FF8142}.Debug|Any CPU.Build.0 = Debug|Any CPU
		{EB5ADE83-3977-41AE-85AD-6983E3FF8142}.Release|Any CPU.ActiveCfg = Release|Any CPU
		{EB5ADE83-3977-41AE-85AD-6983E3FF8142}.Release|Any CPU.Build.0 = Release|Any CPU
	EndGlobalSection
	GlobalSection(SolutionProperties) = preSolution
		HideSolutionNode = FALSE
	EndGlobalSection
	GlobalSection(ExtensibilityGlobals) = postSolution
		SolutionGuid = {F4324086-6E68-4889-BCD5-95B890306A7A}
	EndGlobalSection
EndGlobal
